// !$*UTF8*$!
{
	archiveVersion = 1;
	classes = {
	};
	objectVersion = 51;
	objects = {

/* Begin PBXBuildFile section */
		43EA64541A797F8055B90681 /* Pods_FamilyNight.framework in Frameworks */ = {isa = PBXBuildFile; fileRef = 5BF8835CE42A00D9BA6A770B /* Pods_FamilyNight.framework */; };
		676E921526727BDF00235FDF /* HelpTableViewController.swift in Sources */ = {isa = PBXBuildFile; fileRef = 676E921426727BDF00235FDF /* HelpTableViewController.swift */; };
		676E92182672811B00235FDF /* JRDropCell.swift in Sources */ = {isa = PBXBuildFile; fileRef = 676E92172672811B00235FDF /* JRDropCell.swift */; };
		676E921A2673E08400235FDF /* LocationSearchTable.swift in Sources */ = {isa = PBXBuildFile; fileRef = 676E92192673E08400235FDF /* LocationSearchTable.swift */; };
		6780CE6A2656022900F6104B /* ButtonStyles.swift in Sources */ = {isa = PBXBuildFile; fileRef = 6780CE692656022900F6104B /* ButtonStyles.swift */; };
		67848F1C265D981F00F0DCCE /* EventViewController.swift in Sources */ = {isa = PBXBuildFile; fileRef = 67848F1B265D981F00F0DCCE /* EventViewController.swift */; };
		67848F1F265D99D600F0DCCE /* CustomColors.swift in Sources */ = {isa = PBXBuildFile; fileRef = 67848F1E265D99D600F0DCCE /* CustomColors.swift */; };
		67848F22265DA66F00F0DCCE /* PlannerViewController.swift in Sources */ = {isa = PBXBuildFile; fileRef = 67848F21265DA66F00F0DCCE /* PlannerViewController.swift */; };
		67848F24265DA68A00F0DCCE /* Event.swift in Sources */ = {isa = PBXBuildFile; fileRef = 67848F23265DA68A00F0DCCE /* Event.swift */; };
		67848F27265EB67900F0DCCE /* GoalsViewController.swift in Sources */ = {isa = PBXBuildFile; fileRef = 67848F26265EB67900F0DCCE /* GoalsViewController.swift */; };
		67848F7E26605D0700F0DCCE /* GoogleService-Info.plist in Resources */ = {isa = PBXBuildFile; fileRef = 67848F7D26605D0700F0DCCE /* GoogleService-Info.plist */; };
		67891142266E8C6B000C9077 /* DateFormatter.swift in Sources */ = {isa = PBXBuildFile; fileRef = 67891141266E8C6A000C9077 /* DateFormatter.swift */; };
		6789114D266EE022000C9077 /* EventImageViewController.swift in Sources */ = {isa = PBXBuildFile; fileRef = 6789114C266EE022000C9077 /* EventImageViewController.swift */; };
		67891150266EF60D000C9077 /* CalendarViewController.swift in Sources */ = {isa = PBXBuildFile; fileRef = 6789114F266EF60D000C9077 /* CalendarViewController.swift */; };
		67891153266FE784000C9077 /* EventIdeas.swift in Sources */ = {isa = PBXBuildFile; fileRef = 67891152266FE784000C9077 /* EventIdeas.swift */; };
		678E28BA2646DC2A005F6F49 /* AppDelegate.swift in Sources */ = {isa = PBXBuildFile; fileRef = 678E28B92646DC2A005F6F49 /* AppDelegate.swift */; };
		678E28BC2646DC2A005F6F49 /* SceneDelegate.swift in Sources */ = {isa = PBXBuildFile; fileRef = 678E28BB2646DC2A005F6F49 /* SceneDelegate.swift */; };
		678E28C12646DC2A005F6F49 /* Main.storyboard in Resources */ = {isa = PBXBuildFile; fileRef = 678E28BF2646DC2A005F6F49 /* Main.storyboard */; };
		678E28C32646DC2C005F6F49 /* Assets.xcassets in Resources */ = {isa = PBXBuildFile; fileRef = 678E28C22646DC2C005F6F49 /* Assets.xcassets */; };
		678E28C62646DC2C005F6F49 /* LaunchScreen.storyboard in Resources */ = {isa = PBXBuildFile; fileRef = 678E28C42646DC2C005F6F49 /* LaunchScreen.storyboard */; };
		67C1C98C26669A62007F5C97 /* MapViewController.swift in Sources */ = {isa = PBXBuildFile; fileRef = 67C1C98B26669A62007F5C97 /* MapViewController.swift */; };
		67C1C98F2666C53D007F5C97 /* ContactTableViewController.swift in Sources */ = {isa = PBXBuildFile; fileRef = 67C1C98E2666C53D007F5C97 /* ContactTableViewController.swift */; };
		67C1C99726681B68007F5C97 /* EventController.swift in Sources */ = {isa = PBXBuildFile; fileRef = 67C1C99626681B68007F5C97 /* EventController.swift */; };
/* End PBXBuildFile section */

/* Begin PBXFileReference section */
		00973187FABEA1C953D91C42 /* Pods-FamilyNight.debug.xcconfig */ = {isa = PBXFileReference; includeInIndex = 1; lastKnownFileType = text.xcconfig; name = "Pods-FamilyNight.debug.xcconfig"; path = "Target Support Files/Pods-FamilyNight/Pods-FamilyNight.debug.xcconfig"; sourceTree = "<group>"; };
		2FF45F33B8CF7F3BDAA717C4 /* Pods-FamilyNight.release.xcconfig */ = {isa = PBXFileReference; includeInIndex = 1; lastKnownFileType = text.xcconfig; name = "Pods-FamilyNight.release.xcconfig"; path = "Target Support Files/Pods-FamilyNight/Pods-FamilyNight.release.xcconfig"; sourceTree = "<group>"; };
		5BF8835CE42A00D9BA6A770B /* Pods_FamilyNight.framework */ = {isa = PBXFileReference; explicitFileType = wrapper.framework; includeInIndex = 0; path = Pods_FamilyNight.framework; sourceTree = BUILT_PRODUCTS_DIR; };
		676E91DD267148B300235FDF /* Pods.xcodeproj */ = {isa = PBXFileReference; lastKnownFileType = "wrapper.pb-project"; path = Pods.xcodeproj; sourceTree = "<group>"; };
		676E921426727BDF00235FDF /* HelpTableViewController.swift */ = {isa = PBXFileReference; lastKnownFileType = sourcecode.swift; path = HelpTableViewController.swift; sourceTree = "<group>"; };
		676E92172672811B00235FDF /* JRDropCell.swift */ = {isa = PBXFileReference; lastKnownFileType = sourcecode.swift; path = JRDropCell.swift; sourceTree = "<group>"; };
		676E92192673E08400235FDF /* LocationSearchTable.swift */ = {isa = PBXFileReference; lastKnownFileType = sourcecode.swift; path = LocationSearchTable.swift; sourceTree = "<group>"; };
		6780CE692656022900F6104B /* ButtonStyles.swift */ = {isa = PBXFileReference; lastKnownFileType = sourcecode.swift; path = ButtonStyles.swift; sourceTree = "<group>"; };
		67848F1B265D981F00F0DCCE /* EventViewController.swift */ = {isa = PBXFileReference; lastKnownFileType = sourcecode.swift; path = EventViewController.swift; sourceTree = "<group>"; };
		67848F1E265D99D600F0DCCE /* CustomColors.swift */ = {isa = PBXFileReference; lastKnownFileType = sourcecode.swift; path = CustomColors.swift; sourceTree = "<group>"; };
		67848F21265DA66F00F0DCCE /* PlannerViewController.swift */ = {isa = PBXFileReference; lastKnownFileType = sourcecode.swift; path = PlannerViewController.swift; sourceTree = "<group>"; };
		67848F23265DA68A00F0DCCE /* Event.swift */ = {isa = PBXFileReference; lastKnownFileType = sourcecode.swift; path = Event.swift; sourceTree = "<group>"; };
		67848F26265EB67900F0DCCE /* GoalsViewController.swift */ = {isa = PBXFileReference; lastKnownFileType = sourcecode.swift; path = GoalsViewController.swift; sourceTree = "<group>"; };
		67848F7D26605D0700F0DCCE /* GoogleService-Info.plist */ = {isa = PBXFileReference; fileEncoding = 4; lastKnownFileType = text.plist.xml; name = "GoogleService-Info.plist"; path = "../../../../../../GoogleService-Info.plist"; sourceTree = "<group>"; };
		67891141266E8C6A000C9077 /* DateFormatter.swift */ = {isa = PBXFileReference; lastKnownFileType = sourcecode.swift; path = DateFormatter.swift; sourceTree = "<group>"; };
		6789114C266EE022000C9077 /* EventImageViewController.swift */ = {isa = PBXFileReference; lastKnownFileType = sourcecode.swift; path = EventImageViewController.swift; sourceTree = "<group>"; };
		6789114F266EF60D000C9077 /* CalendarViewController.swift */ = {isa = PBXFileReference; lastKnownFileType = sourcecode.swift; path = CalendarViewController.swift; sourceTree = "<group>"; };
		67891152266FE784000C9077 /* EventIdeas.swift */ = {isa = PBXFileReference; lastKnownFileType = sourcecode.swift; path = EventIdeas.swift; sourceTree = "<group>"; };
		67891154267007A1000C9077 /* FamilyNight.entitlements */ = {isa = PBXFileReference; lastKnownFileType = text.plist.entitlements; path = FamilyNight.entitlements; sourceTree = "<group>"; };
		678E28B62646DC2A005F6F49 /* FamilyNight.app */ = {isa = PBXFileReference; explicitFileType = wrapper.application; includeInIndex = 0; path = FamilyNight.app; sourceTree = BUILT_PRODUCTS_DIR; };
		678E28B92646DC2A005F6F49 /* AppDelegate.swift */ = {isa = PBXFileReference; lastKnownFileType = sourcecode.swift; path = AppDelegate.swift; sourceTree = "<group>"; };
		678E28BB2646DC2A005F6F49 /* SceneDelegate.swift */ = {isa = PBXFileReference; lastKnownFileType = sourcecode.swift; path = SceneDelegate.swift; sourceTree = "<group>"; };
		678E28C02646DC2A005F6F49 /* Base */ = {isa = PBXFileReference; lastKnownFileType = file.storyboard; name = Base; path = Base.lproj/Main.storyboard; sourceTree = "<group>"; };
		678E28C22646DC2C005F6F49 /* Assets.xcassets */ = {isa = PBXFileReference; lastKnownFileType = folder.assetcatalog; path = Assets.xcassets; sourceTree = "<group>"; };
		678E28C52646DC2C005F6F49 /* Base */ = {isa = PBXFileReference; lastKnownFileType = file.storyboard; name = Base; path = Base.lproj/LaunchScreen.storyboard; sourceTree = "<group>"; };
		678E28C72646DC2C005F6F49 /* Info.plist */ = {isa = PBXFileReference; lastKnownFileType = text.plist.xml; path = Info.plist; sourceTree = "<group>"; };
		67C1C98B26669A62007F5C97 /* MapViewController.swift */ = {isa = PBXFileReference; lastKnownFileType = sourcecode.swift; path = MapViewController.swift; sourceTree = "<group>"; };
		67C1C98E2666C53D007F5C97 /* ContactTableViewController.swift */ = {isa = PBXFileReference; lastKnownFileType = sourcecode.swift; path = ContactTableViewController.swift; sourceTree = "<group>"; };
		67C1C99626681B68007F5C97 /* EventController.swift */ = {isa = PBXFileReference; lastKnownFileType = sourcecode.swift; path = EventController.swift; sourceTree = "<group>"; };
/* End PBXFileReference section */

/* Begin PBXFrameworksBuildPhase section */
		678E28B32646DC2A005F6F49 /* Frameworks */ = {
			isa = PBXFrameworksBuildPhase;
			buildActionMask = 2147483647;
			files = (
				43EA64541A797F8055B90681 /* Pods_FamilyNight.framework in Frameworks */,
			);
			runOnlyForDeploymentPostprocessing = 0;
		};
/* End PBXFrameworksBuildPhase section */

/* Begin PBXGroup section */
		4878824F0CA82A57FA1D6584 /* Pods */ = {
			isa = PBXGroup;
			children = (
				676E91DD267148B300235FDF /* Pods.xcodeproj */,
				00973187FABEA1C953D91C42 /* Pods-FamilyNight.debug.xcconfig */,
				2FF45F33B8CF7F3BDAA717C4 /* Pods-FamilyNight.release.xcconfig */,
			);
			path = Pods;
			sourceTree = "<group>";
		};
		676E9216267280F400235FDF /* Custom Cells */ = {
			isa = PBXGroup;
			children = (
				676E92172672811B00235FDF /* JRDropCell.swift */,
			);
			path = "Custom Cells";
			sourceTree = "<group>";
		};
		6780CE672656020000F6104B /* Styles */ = {
			isa = PBXGroup;
			children = (
				67848F1D265D99BF00F0DCCE /* CustomColors */,
				6780CE682656020C00F6104B /* Main Screen Styles */,
			);
			path = Styles;
			sourceTree = "<group>";
		};
		6780CE682656020C00F6104B /* Main Screen Styles */ = {
			isa = PBXGroup;
			children = (
				6780CE692656022900F6104B /* ButtonStyles.swift */,
			);
			path = "Main Screen Styles";
			sourceTree = "<group>";
		};
		67848F1D265D99BF00F0DCCE /* CustomColors */ = {
			isa = PBXGroup;
			children = (
				67848F1E265D99D600F0DCCE /* CustomColors.swift */,
			);
			path = CustomColors;
			sourceTree = "<group>";
		};
		6789114E266EF5F5000C9077 /* EventCalendar */ = {
			isa = PBXGroup;
			children = (
				6789114F266EF60D000C9077 /* CalendarViewController.swift */,
			);
			path = EventCalendar;
			sourceTree = "<group>";
		};
		678E28AD2646DC29005F6F49 = {
			isa = PBXGroup;
			children = (
				678E28B82646DC2A005F6F49 /* FamilyNight */,
				678E28B72646DC2A005F6F49 /* Products */,
				4878824F0CA82A57FA1D6584 /* Pods */,
				C9D14A29AF5A4A2FD31B6996 /* Frameworks */,
			);
			sourceTree = "<group>";
		};
		678E28B72646DC2A005F6F49 /* Products */ = {
			isa = PBXGroup;
			children = (
				678E28B62646DC2A005F6F49 /* FamilyNight.app */,
			);
			name = Products;
			sourceTree = "<group>";
		};
		678E28B82646DC2A005F6F49 /* FamilyNight */ = {
			isa = PBXGroup;
			children = (
				67891154267007A1000C9077 /* FamilyNight.entitlements */,
				678E28D22646DC5C005F6F49 /* View Controllers */,
				6780CE672656020000F6104B /* Styles */,
				678E28D12646DC57005F6F49 /* Models */,
				678E28D02646DC53005F6F49 /* Controllers */,
				6789114E266EF5F5000C9077 /* EventCalendar */,
				678E28CF2646DC4D005F6F49 /* Views */,
				678E28CE2646DC3F005F6F49 /* Helper and Extension */,
				678E28CD2646DC37005F6F49 /* Resources */,
			);
			path = FamilyNight;
			sourceTree = "<group>";
		};
		678E28CD2646DC37005F6F49 /* Resources */ = {
			isa = PBXGroup;
			children = (
				678E28B92646DC2A005F6F49 /* AppDelegate.swift */,
				678E28BB2646DC2A005F6F49 /* SceneDelegate.swift */,
				678E28C22646DC2C005F6F49 /* Assets.xcassets */,
				678E28C72646DC2C005F6F49 /* Info.plist */,
				67848F7D26605D0700F0DCCE /* GoogleService-Info.plist */,
			);
			path = Resources;
			sourceTree = "<group>";
		};
		678E28CE2646DC3F005F6F49 /* Helper and Extension */ = {
			isa = PBXGroup;
			children = (
				67891141266E8C6A000C9077 /* DateFormatter.swift */,
				67891152266FE784000C9077 /* EventIdeas.swift */,
			);
			path = "Helper and Extension";
			sourceTree = "<group>";
		};
		678E28CF2646DC4D005F6F49 /* Views */ = {
			isa = PBXGroup;
			children = (
				676E9216267280F400235FDF /* Custom Cells */,
				678E28D42646DC6F005F6F49 /* Storyboards */,
			);
			path = Views;
			sourceTree = "<group>";
		};
		678E28D02646DC53005F6F49 /* Controllers */ = {
			isa = PBXGroup;
			children = (
				678E28D32646DC65005F6F49 /* Model Controllers */,
			);
			path = Controllers;
			sourceTree = "<group>";
		};
		678E28D12646DC57005F6F49 /* Models */ = {
			isa = PBXGroup;
			children = (
				67848F23265DA68A00F0DCCE /* Event.swift */,
			);
			path = Models;
			sourceTree = "<group>";
		};
		678E28D22646DC5C005F6F49 /* View Controllers */ = {
			isa = PBXGroup;
			children = (
				67848F1B265D981F00F0DCCE /* EventViewController.swift */,
				67848F21265DA66F00F0DCCE /* PlannerViewController.swift */,
				67848F26265EB67900F0DCCE /* GoalsViewController.swift */,
				67C1C98B26669A62007F5C97 /* MapViewController.swift */,
				67C1C98E2666C53D007F5C97 /* ContactTableViewController.swift */,
				6789114C266EE022000C9077 /* EventImageViewController.swift */,
				676E921426727BDF00235FDF /* HelpTableViewController.swift */,
				676E92192673E08400235FDF /* LocationSearchTable.swift */,
			);
			path = "View Controllers";
			sourceTree = "<group>";
		};
		678E28D32646DC65005F6F49 /* Model Controllers */ = {
			isa = PBXGroup;
			children = (
				67C1C99626681B68007F5C97 /* EventController.swift */,
			);
			path = "Model Controllers";
			sourceTree = "<group>";
		};
		678E28D42646DC6F005F6F49 /* Storyboards */ = {
			isa = PBXGroup;
			children = (
				678E28BF2646DC2A005F6F49 /* Main.storyboard */,
				678E28C42646DC2C005F6F49 /* LaunchScreen.storyboard */,
			);
			path = Storyboards;
			sourceTree = "<group>";
		};
		C9D14A29AF5A4A2FD31B6996 /* Frameworks */ = {
			isa = PBXGroup;
			children = (
				5BF8835CE42A00D9BA6A770B /* Pods_FamilyNight.framework */,
			);
			name = Frameworks;
			sourceTree = "<group>";
		};
/* End PBXGroup section */

/* Begin PBXNativeTarget section */
		678E28B52646DC2A005F6F49 /* FamilyNight */ = {
			isa = PBXNativeTarget;
			buildConfigurationList = 678E28CA2646DC2C005F6F49 /* Build configuration list for PBXNativeTarget "FamilyNight" */;
			buildPhases = (
				F628098BB4F809E686312B5F /* [CP] Check Pods Manifest.lock */,
				678E28B22646DC2A005F6F49 /* Sources */,
				678E28B32646DC2A005F6F49 /* Frameworks */,
				678E28B42646DC2A005F6F49 /* Resources */,
				DA3D9A83B32DC6C873A46D0B /* [CP] Embed Pods Frameworks */,
			);
			buildRules = (
			);
			dependencies = (
			);
			name = FamilyNight;
			productName = FamilyNight;
			productReference = 678E28B62646DC2A005F6F49 /* FamilyNight.app */;
			productType = "com.apple.product-type.application";
		};
/* End PBXNativeTarget section */

/* Begin PBXProject section */
		678E28AE2646DC29005F6F49 /* Project object */ = {
			isa = PBXProject;
			attributes = {
				LastSwiftUpdateCheck = 1250;
				LastUpgradeCheck = 1250;
				TargetAttributes = {
					678E28B52646DC2A005F6F49 = {
						CreatedOnToolsVersion = 12.5;
					};
				};
			};
			buildConfigurationList = 678E28B12646DC29005F6F49 /* Build configuration list for PBXProject "FamilyNight" */;
			compatibilityVersion = "Xcode 9.3";
			developmentRegion = en;
			hasScannedForEncodings = 0;
			knownRegions = (
				en,
				Base,
			);
			mainGroup = 678E28AD2646DC29005F6F49;
			productRefGroup = 678E28B72646DC2A005F6F49 /* Products */;
			projectDirPath = "";
			projectRoot = "";
			targets = (
				678E28B52646DC2A005F6F49 /* FamilyNight */,
			);
		};
/* End PBXProject section */

/* Begin PBXResourcesBuildPhase section */
		678E28B42646DC2A005F6F49 /* Resources */ = {
			isa = PBXResourcesBuildPhase;
			buildActionMask = 2147483647;
			files = (
				678E28C62646DC2C005F6F49 /* LaunchScreen.storyboard in Resources */,
				67848F7E26605D0700F0DCCE /* GoogleService-Info.plist in Resources */,
				678E28C32646DC2C005F6F49 /* Assets.xcassets in Resources */,
				678E28C12646DC2A005F6F49 /* Main.storyboard in Resources */,
			);
			runOnlyForDeploymentPostprocessing = 0;
		};
/* End PBXResourcesBuildPhase section */

/* Begin PBXShellScriptBuildPhase section */
		DA3D9A83B32DC6C873A46D0B /* [CP] Embed Pods Frameworks */ = {
			isa = PBXShellScriptBuildPhase;
			buildActionMask = 2147483647;
			files = (
			);
			inputFileListPaths = (
				"${PODS_ROOT}/Target Support Files/Pods-FamilyNight/Pods-FamilyNight-frameworks-${CONFIGURATION}-input-files.xcfilelist",
			);
			name = "[CP] Embed Pods Frameworks";
			outputFileListPaths = (
				"${PODS_ROOT}/Target Support Files/Pods-FamilyNight/Pods-FamilyNight-frameworks-${CONFIGURATION}-output-files.xcfilelist",
			);
			runOnlyForDeploymentPostprocessing = 0;
			shellPath = /bin/sh;
			shellScript = "\"${PODS_ROOT}/Target Support Files/Pods-FamilyNight/Pods-FamilyNight-frameworks.sh\"\n";
			showEnvVarsInLog = 0;
		};
		F628098BB4F809E686312B5F /* [CP] Check Pods Manifest.lock */ = {
			isa = PBXShellScriptBuildPhase;
			buildActionMask = 2147483647;
			files = (
			);
			inputFileListPaths = (
			);
			inputPaths = (
				"${PODS_PODFILE_DIR_PATH}/Podfile.lock",
				"${PODS_ROOT}/Manifest.lock",
			);
			name = "[CP] Check Pods Manifest.lock";
			outputFileListPaths = (
			);
			outputPaths = (
				"$(DERIVED_FILE_DIR)/Pods-FamilyNight-checkManifestLockResult.txt",
			);
			runOnlyForDeploymentPostprocessing = 0;
			shellPath = /bin/sh;
			shellScript = "diff \"${PODS_PODFILE_DIR_PATH}/Podfile.lock\" \"${PODS_ROOT}/Manifest.lock\" > /dev/null\nif [ $? != 0 ] ; then\n    # print error to STDERR\n    echo \"error: The sandbox is not in sync with the Podfile.lock. Run 'pod install' or update your CocoaPods installation.\" >&2\n    exit 1\nfi\n# This output is used by Xcode 'outputs' to avoid re-running this script phase.\necho \"SUCCESS\" > \"${SCRIPT_OUTPUT_FILE_0}\"\n";
			showEnvVarsInLog = 0;
		};
/* End PBXShellScriptBuildPhase section */

/* Begin PBXSourcesBuildPhase section */
		678E28B22646DC2A005F6F49 /* Sources */ = {
			isa = PBXSourcesBuildPhase;
			buildActionMask = 2147483647;
			files = (
				676E921526727BDF00235FDF /* HelpTableViewController.swift in Sources */,
				67891150266EF60D000C9077 /* CalendarViewController.swift in Sources */,
				6789114D266EE022000C9077 /* EventImageViewController.swift in Sources */,
				676E921A2673E08400235FDF /* LocationSearchTable.swift in Sources */,
				678E28BA2646DC2A005F6F49 /* AppDelegate.swift in Sources */,
				67891153266FE784000C9077 /* EventIdeas.swift in Sources */,
				67848F27265EB67900F0DCCE /* GoalsViewController.swift in Sources */,
				67C1C98F2666C53D007F5C97 /* ContactTableViewController.swift in Sources */,
				676E92182672811B00235FDF /* JRDropCell.swift in Sources */,
				67891142266E8C6B000C9077 /* DateFormatter.swift in Sources */,
				67848F1F265D99D600F0DCCE /* CustomColors.swift in Sources */,
				6780CE6A2656022900F6104B /* ButtonStyles.swift in Sources */,
				67C1C98C26669A62007F5C97 /* MapViewController.swift in Sources */,
				67848F22265DA66F00F0DCCE /* PlannerViewController.swift in Sources */,
				678E28BC2646DC2A005F6F49 /* SceneDelegate.swift in Sources */,
				67848F24265DA68A00F0DCCE /* Event.swift in Sources */,
				67C1C99726681B68007F5C97 /* EventController.swift in Sources */,
				67848F1C265D981F00F0DCCE /* EventViewController.swift in Sources */,
			);
			runOnlyForDeploymentPostprocessing = 0;
		};
/* End PBXSourcesBuildPhase section */

/* Begin PBXVariantGroup section */
		678E28BF2646DC2A005F6F49 /* Main.storyboard */ = {
			isa = PBXVariantGroup;
			children = (
				678E28C02646DC2A005F6F49 /* Base */,
			);
			name = Main.storyboard;
			sourceTree = "<group>";
		};
		678E28C42646DC2C005F6F49 /* LaunchScreen.storyboard */ = {
			isa = PBXVariantGroup;
			children = (
				678E28C52646DC2C005F6F49 /* Base */,
			);
			name = LaunchScreen.storyboard;
			sourceTree = "<group>";
		};
/* End PBXVariantGroup section */

/* Begin XCBuildConfiguration section */
		678E28C82646DC2C005F6F49 /* Debug */ = {
			isa = XCBuildConfiguration;
			buildSettings = {
				ALWAYS_SEARCH_USER_PATHS = NO;
				CLANG_ANALYZER_NONNULL = YES;
				CLANG_ANALYZER_NUMBER_OBJECT_CONVERSION = YES_AGGRESSIVE;
				CLANG_CXX_LANGUAGE_STANDARD = "gnu++14";
				CLANG_CXX_LIBRARY = "libc++";
				CLANG_ENABLE_MODULES = YES;
				CLANG_ENABLE_OBJC_ARC = YES;
				CLANG_ENABLE_OBJC_WEAK = YES;
				CLANG_WARN_BLOCK_CAPTURE_AUTORELEASING = YES;
				CLANG_WARN_BOOL_CONVERSION = YES;
				CLANG_WARN_COMMA = YES;
				CLANG_WARN_CONSTANT_CONVERSION = YES;
				CLANG_WARN_DEPRECATED_OBJC_IMPLEMENTATIONS = YES;
				CLANG_WARN_DIRECT_OBJC_ISA_USAGE = YES_ERROR;
				CLANG_WARN_DOCUMENTATION_COMMENTS = YES;
				CLANG_WARN_EMPTY_BODY = YES;
				CLANG_WARN_ENUM_CONVERSION = YES;
				CLANG_WARN_INFINITE_RECURSION = YES;
				CLANG_WARN_INT_CONVERSION = YES;
				CLANG_WARN_NON_LITERAL_NULL_CONVERSION = YES;
				CLANG_WARN_OBJC_IMPLICIT_RETAIN_SELF = YES;
				CLANG_WARN_OBJC_LITERAL_CONVERSION = YES;
				CLANG_WARN_OBJC_ROOT_CLASS = YES_ERROR;
				CLANG_WARN_QUOTED_INCLUDE_IN_FRAMEWORK_HEADER = YES;
				CLANG_WARN_RANGE_LOOP_ANALYSIS = YES;
				CLANG_WARN_STRICT_PROTOTYPES = YES;
				CLANG_WARN_SUSPICIOUS_MOVE = YES;
				CLANG_WARN_UNGUARDED_AVAILABILITY = YES_AGGRESSIVE;
				CLANG_WARN_UNREACHABLE_CODE = YES;
				CLANG_WARN__DUPLICATE_METHOD_MATCH = YES;
				COPY_PHASE_STRIP = NO;
				DEBUG_INFORMATION_FORMAT = dwarf;
				ENABLE_STRICT_OBJC_MSGSEND = YES;
				ENABLE_TESTABILITY = YES;
				GCC_C_LANGUAGE_STANDARD = gnu11;
				GCC_DYNAMIC_NO_PIC = NO;
				GCC_NO_COMMON_BLOCKS = YES;
				GCC_OPTIMIZATION_LEVEL = 0;
				GCC_PREPROCESSOR_DEFINITIONS = (
					"DEBUG=1",
					"$(inherited)",
				);
				GCC_WARN_64_TO_32_BIT_CONVERSION = YES;
				GCC_WARN_ABOUT_RETURN_TYPE = YES_ERROR;
				GCC_WARN_UNDECLARED_SELECTOR = YES;
				GCC_WARN_UNINITIALIZED_AUTOS = YES_AGGRESSIVE;
				GCC_WARN_UNUSED_FUNCTION = YES;
				GCC_WARN_UNUSED_VARIABLE = YES;
				IPHONEOS_DEPLOYMENT_TARGET = 14.5;
				MTL_ENABLE_DEBUG_INFO = INCLUDE_SOURCE;
				MTL_FAST_MATH = YES;
				ONLY_ACTIVE_ARCH = YES;
				SDKROOT = iphoneos;
				SWIFT_ACTIVE_COMPILATION_CONDITIONS = DEBUG;
				SWIFT_OPTIMIZATION_LEVEL = "-Onone";
			};
			name = Debug;
		};
		678E28C92646DC2C005F6F49 /* Release */ = {
			isa = XCBuildConfiguration;
			buildSettings = {
				ALWAYS_SEARCH_USER_PATHS = NO;
				CLANG_ANALYZER_NONNULL = YES;
				CLANG_ANALYZER_NUMBER_OBJECT_CONVERSION = YES_AGGRESSIVE;
				CLANG_CXX_LANGUAGE_STANDARD = "gnu++14";
				CLANG_CXX_LIBRARY = "libc++";
				CLANG_ENABLE_MODULES = YES;
				CLANG_ENABLE_OBJC_ARC = YES;
				CLANG_ENABLE_OBJC_WEAK = YES;
				CLANG_WARN_BLOCK_CAPTURE_AUTORELEASING = YES;
				CLANG_WARN_BOOL_CONVERSION = YES;
				CLANG_WARN_COMMA = YES;
				CLANG_WARN_CONSTANT_CONVERSION = YES;
				CLANG_WARN_DEPRECATED_OBJC_IMPLEMENTATIONS = YES;
				CLANG_WARN_DIRECT_OBJC_ISA_USAGE = YES_ERROR;
				CLANG_WARN_DOCUMENTATION_COMMENTS = YES;
				CLANG_WARN_EMPTY_BODY = YES;
				CLANG_WARN_ENUM_CONVERSION = YES;
				CLANG_WARN_INFINITE_RECURSION = YES;
				CLANG_WARN_INT_CONVERSION = YES;
				CLANG_WARN_NON_LITERAL_NULL_CONVERSION = YES;
				CLANG_WARN_OBJC_IMPLICIT_RETAIN_SELF = YES;
				CLANG_WARN_OBJC_LITERAL_CONVERSION = YES;
				CLANG_WARN_OBJC_ROOT_CLASS = YES_ERROR;
				CLANG_WARN_QUOTED_INCLUDE_IN_FRAMEWORK_HEADER = YES;
				CLANG_WARN_RANGE_LOOP_ANALYSIS = YES;
				CLANG_WARN_STRICT_PROTOTYPES = YES;
				CLANG_WARN_SUSPICIOUS_MOVE = YES;
				CLANG_WARN_UNGUARDED_AVAILABILITY = YES_AGGRESSIVE;
				CLANG_WARN_UNREACHABLE_CODE = YES;
				CLANG_WARN__DUPLICATE_METHOD_MATCH = YES;
				COPY_PHASE_STRIP = NO;
				DEBUG_INFORMATION_FORMAT = "dwarf-with-dsym";
				ENABLE_NS_ASSERTIONS = NO;
				ENABLE_STRICT_OBJC_MSGSEND = YES;
				GCC_C_LANGUAGE_STANDARD = gnu11;
				GCC_NO_COMMON_BLOCKS = YES;
				GCC_WARN_64_TO_32_BIT_CONVERSION = YES;
				GCC_WARN_ABOUT_RETURN_TYPE = YES_ERROR;
				GCC_WARN_UNDECLARED_SELECTOR = YES;
				GCC_WARN_UNINITIALIZED_AUTOS = YES_AGGRESSIVE;
				GCC_WARN_UNUSED_FUNCTION = YES;
				GCC_WARN_UNUSED_VARIABLE = YES;
				IPHONEOS_DEPLOYMENT_TARGET = 14.5;
				MTL_ENABLE_DEBUG_INFO = NO;
				MTL_FAST_MATH = YES;
				SDKROOT = iphoneos;
				SWIFT_COMPILATION_MODE = wholemodule;
				SWIFT_OPTIMIZATION_LEVEL = "-O";
				VALIDATE_PRODUCT = YES;
			};
			name = Release;
		};
		678E28CB2646DC2C005F6F49 /* Debug */ = {
			isa = XCBuildConfiguration;
			baseConfigurationReference = 00973187FABEA1C953D91C42 /* Pods-FamilyNight.debug.xcconfig */;
			buildSettings = {
				ASSETCATALOG_COMPILER_APPICON_NAME = AppIcon;
				ASSETCATALOG_COMPILER_GLOBAL_ACCENT_COLOR_NAME = AccentColor;
				CODE_SIGN_ENTITLEMENTS = FamilyNight/FamilyNight.entitlements;
				CODE_SIGN_STYLE = Automatic;
				DEVELOPMENT_TEAM = FD53M4BR3B;
				INFOPLIST_FILE = FamilyNight/Resources/Info.plist;
				LD_RUNPATH_SEARCH_PATHS = (
					"$(inherited)",
					"@executable_path/Frameworks",
				);
				PRODUCT_BUNDLE_IDENTIFIER = com.JWR.FamilyNight;
				PRODUCT_NAME = "$(TARGET_NAME)";
				SWIFT_VERSION = 5.0;
				TARGETED_DEVICE_FAMILY = "1,2";
			};
			name = Debug;
		};
		678E28CC2646DC2C005F6F49 /* Release */ = {
			isa = XCBuildConfiguration;
			baseConfigurationReference = 2FF45F33B8CF7F3BDAA717C4 /* Pods-FamilyNight.release.xcconfig */;
			buildSettings = {
				ASSETCATALOG_COMPILER_APPICON_NAME = AppIcon;
				ASSETCATALOG_COMPILER_GLOBAL_ACCENT_COLOR_NAME = AccentColor;
				CODE_SIGN_ENTITLEMENTS = FamilyNight/FamilyNight.entitlements;
				CODE_SIGN_STYLE = Automatic;
				DEVELOPMENT_TEAM = FD53M4BR3B;
				INFOPLIST_FILE = FamilyNight/Resources/Info.plist;
				LD_RUNPATH_SEARCH_PATHS = (
					"$(inherited)",
					"@executable_path/Frameworks",
				);
				PRODUCT_BUNDLE_IDENTIFIER = com.JWR.FamilyNight;
				PRODUCT_NAME = "$(TARGET_NAME)";
				SWIFT_VERSION = 5.0;
				TARGETED_DEVICE_FAMILY = "1,2";
			};
			name = Release;
		};
/* End XCBuildConfiguration section */

/* Begin XCConfigurationList section */
		678E28B12646DC29005F6F49 /* Build configuration list for PBXProject "FamilyNight" */ = {
			isa = XCConfigurationList;
			buildConfigurations = (
				678E28C82646DC2C005F6F49 /* Debug */,
				678E28C92646DC2C005F6F49 /* Release */,
			);
			defaultConfigurationIsVisible = 0;
			defaultConfigurationName = Release;
		};
		678E28CA2646DC2C005F6F49 /* Build configuration list for PBXNativeTarget "FamilyNight" */ = {
			isa = XCConfigurationList;
			buildConfigurations = (
				678E28CB2646DC2C005F6F49 /* Debug */,
				678E28CC2646DC2C005F6F49 /* Release */,
			);
			defaultConfigurationIsVisible = 0;
			defaultConfigurationName = Release;
		};
/* End XCConfigurationList section */
	};
	rootObject = 678E28AE2646DC29005F6F49 /* Project object */;
}
